
Microsoft Visual Studio Solution File, Format Version 12.00
# Visual Studio 2013
VisualStudioVersion = 12.0.31101.0
MinimumVisualStudioVersion = 10.0.40219.1
Project("{FAE04EC0-301F-11D3-BF4B-00C04F79EFBC}") = "TradeWorkstation", "TradeWorkstation\TradeWorkstation.csproj", "{F6B3BF9D-580C-4960-A73E-3B5062F47EB1}"
EndProject
Project("{FAE04EC0-301F-11D3-BF4B-00C04F79EFBC}") = "TradeWorkstation.Tests", "TradeWorkstation.Tests\TradeWorkstation.Tests.csproj", "{75DE58A1-D0FA-4A12-A339-3B1E37793CA6}"
EndProject
Project("{FAE04EC0-301F-11D3-BF4B-00C04F79EFBC}") = "Common", "Common\Common.csproj", "{1D9AFAA0-1EF2-494A-A12B-095D86CD4F6C}"
EndProject
Project("{FAE04EC0-301F-11D3-BF4B-00C04F79EFBC}") = "BLL", "BLL\BLL.csproj", "{4BD99B63-A6C1-402C-AAB7-5A8E6B1D3F97}"
EndProject
Project("{FAE04EC0-301F-11D3-BF4B-00C04F79EFBC}") = "DAL", "DAL\DAL.csproj", "{C8502580-F2C2-4D2B-8FBC-03FA88249548}"
EndProject
Project("{FAE04EC0-301F-11D3-BF4B-00C04F79EFBC}") = "DataSource", "DataSource\DataSource.csproj", "{5E1BB8C7-E906-4ABE-9A54-A42C2241DE97}"
EndProject
Global
	GlobalSection(SolutionConfigurationPlatforms) = preSolution
		Debug|Any CPU = Debug|Any CPU
		Release|Any CPU = Release|Any CPU
	EndGlobalSection
	GlobalSection(ProjectConfigurationPlatforms) = postSolution
		{F6B3BF9D-580C-4960-A73E-3B5062F47EB1}.Debug|Any CPU.ActiveCfg = Debug|Any CPU
		{F6B3BF9D-580C-4960-A73E-3B5062F47EB1}.Debug|Any CPU.Build.0 = Debug|Any CPU
		{F6B3BF9D-580C-4960-A73E-3B5062F47EB1}.Release|Any CPU.ActiveCfg = Release|Any CPU
		{F6B3BF9D-580C-4960-A73E-3B5062F47EB1}.Release|Any CPU.Build.0 = Release|Any CPU
		{75DE58A1-D0FA-4A12-A339-3B1E37793CA6}.Debug|Any CPU.ActiveCfg = Debug|Any CPU
		{75DE58A1-D0FA-4A12-A339-3B1E37793CA6}.Debug|Any CPU.Build.0 = Debug|Any CPU
		{75DE58A1-D0FA-4A12-A339-3B1E37793CA6}.Release|Any CPU.ActiveCfg = Release|Any CPU
		{75DE58A1-D0FA-4A12-A339-3B1E37793CA6}.Release|Any CPU.Build.0 = Release|Any CPU
		{1D9AFAA0-1EF2-494A-A12B-095D86CD4F6C}.Debug|Any CPU.ActiveCfg = Debug|Any CPU
		{1D9AFAA0-1EF2-494A-A12B-095D86CD4F6C}.Debug|Any CPU.Build.0 = Debug|Any CPU
		{1D9AFAA0-1EF2-494A-A12B-095D86CD4F6C}.Release|Any CPU.ActiveCfg = Release|Any CPU
		{1D9AFAA0-1EF2-494A-A12B-095D86CD4F6C}.Release|Any CPU.Build.0 = Release|Any CPU
		{4BD99B63-A6C1-402C-AAB7-5A8E6B1D3F97}.Debug|Any CPU.ActiveCfg = Debug|Any CPU
		{4BD99B63-A6C1-402C-AAB7-5A8E6B1D3F97}.Debug|Any CPU.Build.0 = Debug|Any CPU
		{4BD99B63-A6C1-402C-AAB7-5A8E6B1D3F97}.Release|Any CPU.ActiveCfg = Release|Any CPU
		{4BD99B63-A6C1-402C-AAB7-5A8E6B1D3F97}.Release|Any CPU.Build.0 = Release|Any CPU
		{C8502580-F2C2-4D2B-8FBC-03FA88249548}.Debug|Any CPU.ActiveCfg = Debug|Any CPU
		{C8502580-F2C2-4D2B-8FBC-03FA88249548}.Debug|Any CPU.Build.0 = Debug|Any CPU
		{C8502580-F2C2-4D2B-8FBC-03FA88249548}.Release|Any CPU.ActiveCfg = Release|Any CPU
		{C8502580-F2C2-4D2B-8FBC-03FA88249548}.Release|Any CPU.Build.0 = Release|Any CPU
		{5E1BB8C7-E906-4ABE-9A54-A42C2241DE97}.Debug|Any CPU.ActiveCfg = Debug|Any CPU
		{5E1BB8C7-E906-4ABE-9A54-A42C2241DE97}.Debug|Any CPU.Build.0 = Debug|Any CPU
		{5E1BB8C7-E906-4ABE-9A54-A42C2241DE97}.Release|Any CPU.ActiveCfg = Release|Any CPU
		{5E1BB8C7-E906-4ABE-9A54-A42C2241DE97}.Release|Any CPU.Build.0 = Release|Any CPU
	EndGlobalSection
	GlobalSection(SolutionProperties) = preSolution
		HideSolutionNode = FALSE
	EndGlobalSection
EndGlobal
